
Microsoft Visual Studio Solution File, Format Version 12.00
# Visual Studio Version 17
VisualStudioVersion = 17.0.31903.59
MinimumVisualStudioVersion = 10.0.40219.1
Project("{2150E333-8FDC-42A3-9474-1A3956D46DE8}") = "Services", "Services", "{CD0AB3A9-AB9E-4F72-AB5F-F0EC53498D04}"
EndProject
Project("{2150E333-8FDC-42A3-9474-1A3956D46DE8}") = "Catalag", "Catalag", "{5F15CFDB-9869-4209-B775-9693B9F449AE}"
EndProject
Project("{FAE04EC0-301F-11D3-BF4B-00C04F79EFBC}") = "Catalog.API", "Services\Catalog\Catalog.API\Catalog.API.csproj", "{673B3158-6B77-45DC-BA9C-3FAC22CAE84B}"
EndProject
Global
	GlobalSection(SolutionConfigurationPlatforms) = preSolution
		Debug|Any CPU = Debug|Any CPU
		Release|Any CPU = Release|Any CPU
	EndGlobalSection
	GlobalSection(ProjectConfigurationPlatforms) = postSolution
		{673B3158-6B77-45DC-BA9C-3FAC22CAE84B}.Debug|Any CPU.ActiveCfg = Debug|Any CPU
		{673B3158-6B77-45DC-BA9C-3FAC22CAE84B}.Debug|Any CPU.Build.0 = Debug|Any CPU
		{673B3158-6B77-45DC-BA9C-3FAC22CAE84B}.Release|Any CPU.ActiveCfg = Release|Any CPU
		{673B3158-6B77-45DC-BA9C-3FAC22CAE84B}.Release|Any CPU.Build.0 = Release|Any CPU
	EndGlobalSection
	GlobalSection(SolutionProperties) = preSolution
		HideSolutionNode = FALSE
	EndGlobalSection
	GlobalSection(NestedProjects) = preSolution
		{5F15CFDB-9869-4209-B775-9693B9F449AE} = {CD0AB3A9-AB9E-4F72-AB5F-F0EC53498D04}
		{673B3158-6B77-45DC-BA9C-3FAC22CAE84B} = {5F15CFDB-9869-4209-B775-9693B9F449AE}
	EndGlobalSection
	GlobalSection(ExtensibilityGlobals) = postSolution
		SolutionGuid = {46820024-81DC-40CD-9E61-946C3721A189}
	EndGlobalSection
EndGlobal
