
Microsoft Visual Studio Solution File, Format Version 12.00
# Visual Studio Version 17
VisualStudioVersion = 17.0.31903.59
MinimumVisualStudioVersion = 10.0.40219.1
Project("{2150E333-8FDC-42A3-9474-1A3956D46DE8}") = "Services", "Services", "{CD0AB3A9-AB9E-4F72-AB5F-F0EC53498D04}"
EndProject
Project("{2150E333-8FDC-42A3-9474-1A3956D46DE8}") = "Catalag", "Catalag", "{5F15CFDB-9869-4209-B775-9693B9F449AE}"
EndProject
Project("{9A19103F-16F7-4668-BE54-9A1E7A4F7556}") = "Catalog.API", "Services\Catalog\Catalog.API\Catalog.API.csproj", "{673B3158-6B77-45DC-BA9C-3FAC22CAE84B}"
EndProject
Project("{E53339B2-1760-4266-BCC7-CA923CBCF16C}") = "docker-compose", "docker-compose.dcproj", "{FFEADFC7-E876-4C27-882E-34A219DD1AE1}"
EndProject
Project("{2150E333-8FDC-42A3-9474-1A3956D46DE8}") = "Basket", "Basket", "{9B01E949-41C1-4BF4-8012-5F3D35832D1C}"
EndProject
Project("{9A19103F-16F7-4668-BE54-9A1E7A4F7556}") = "Basket.API", "Services\Basket\Basket.API\Basket.API.csproj", "{E6719596-B104-4D9B-A71C-5723ACC8A78D}"
EndProject
Project("{2150E333-8FDC-42A3-9474-1A3956D46DE8}") = "Discount", "Discount", "{8A42C17C-38A9-40E4-B50C-133CDA76E0CC}"
EndProject
Project("{9A19103F-16F7-4668-BE54-9A1E7A4F7556}") = "Discount.API", "Services\Discount\Discount.API\Discount.API.csproj", "{FCFA4A31-70E4-4BBD-8C62-6E00FD3457A1}"
EndProject
Project("{9A19103F-16F7-4668-BE54-9A1E7A4F7556}") = "Discount.Grpc", "Services\Discount\Discount.Grpc\Discount.Grpc.csproj", "{A2330B3C-7BF3-4B17-8588-981044DF5726}"
EndProject
Global
	GlobalSection(SolutionConfigurationPlatforms) = preSolution
		Debug|Any CPU = Debug|Any CPU
		Release|Any CPU = Release|Any CPU
	EndGlobalSection
	GlobalSection(ProjectConfigurationPlatforms) = postSolution
		{673B3158-6B77-45DC-BA9C-3FAC22CAE84B}.Debug|Any CPU.ActiveCfg = Debug|Any CPU
		{673B3158-6B77-45DC-BA9C-3FAC22CAE84B}.Debug|Any CPU.Build.0 = Debug|Any CPU
		{673B3158-6B77-45DC-BA9C-3FAC22CAE84B}.Release|Any CPU.ActiveCfg = Release|Any CPU
		{673B3158-6B77-45DC-BA9C-3FAC22CAE84B}.Release|Any CPU.Build.0 = Release|Any CPU
		{FFEADFC7-E876-4C27-882E-34A219DD1AE1}.Debug|Any CPU.ActiveCfg = Debug|Any CPU
		{FFEADFC7-E876-4C27-882E-34A219DD1AE1}.Debug|Any CPU.Build.0 = Debug|Any CPU
		{FFEADFC7-E876-4C27-882E-34A219DD1AE1}.Release|Any CPU.ActiveCfg = Release|Any CPU
		{FFEADFC7-E876-4C27-882E-34A219DD1AE1}.Release|Any CPU.Build.0 = Release|Any CPU
		{E6719596-B104-4D9B-A71C-5723ACC8A78D}.Debug|Any CPU.ActiveCfg = Debug|Any CPU
		{E6719596-B104-4D9B-A71C-5723ACC8A78D}.Debug|Any CPU.Build.0 = Debug|Any CPU
		{E6719596-B104-4D9B-A71C-5723ACC8A78D}.Release|Any CPU.ActiveCfg = Release|Any CPU
		{E6719596-B104-4D9B-A71C-5723ACC8A78D}.Release|Any CPU.Build.0 = Release|Any CPU
		{FCFA4A31-70E4-4BBD-8C62-6E00FD3457A1}.Debug|Any CPU.ActiveCfg = Debug|Any CPU
		{FCFA4A31-70E4-4BBD-8C62-6E00FD3457A1}.Debug|Any CPU.Build.0 = Debug|Any CPU
		{FCFA4A31-70E4-4BBD-8C62-6E00FD3457A1}.Release|Any CPU.ActiveCfg = Release|Any CPU
		{FCFA4A31-70E4-4BBD-8C62-6E00FD3457A1}.Release|Any CPU.Build.0 = Release|Any CPU
		{A2330B3C-7BF3-4B17-8588-981044DF5726}.Debug|Any CPU.ActiveCfg = Debug|Any CPU
		{A2330B3C-7BF3-4B17-8588-981044DF5726}.Debug|Any CPU.Build.0 = Debug|Any CPU
		{A2330B3C-7BF3-4B17-8588-981044DF5726}.Release|Any CPU.ActiveCfg = Release|Any CPU
		{A2330B3C-7BF3-4B17-8588-981044DF5726}.Release|Any CPU.Build.0 = Release|Any CPU
	EndGlobalSection
	GlobalSection(SolutionProperties) = preSolution
		HideSolutionNode = FALSE
	EndGlobalSection
	GlobalSection(NestedProjects) = preSolution
		{5F15CFDB-9869-4209-B775-9693B9F449AE} = {CD0AB3A9-AB9E-4F72-AB5F-F0EC53498D04}
		{673B3158-6B77-45DC-BA9C-3FAC22CAE84B} = {5F15CFDB-9869-4209-B775-9693B9F449AE}
		{9B01E949-41C1-4BF4-8012-5F3D35832D1C} = {CD0AB3A9-AB9E-4F72-AB5F-F0EC53498D04}
		{E6719596-B104-4D9B-A71C-5723ACC8A78D} = {9B01E949-41C1-4BF4-8012-5F3D35832D1C}
		{8A42C17C-38A9-40E4-B50C-133CDA76E0CC} = {CD0AB3A9-AB9E-4F72-AB5F-F0EC53498D04}
		{FCFA4A31-70E4-4BBD-8C62-6E00FD3457A1} = {8A42C17C-38A9-40E4-B50C-133CDA76E0CC}
		{A2330B3C-7BF3-4B17-8588-981044DF5726} = {8A42C17C-38A9-40E4-B50C-133CDA76E0CC}
	EndGlobalSection
	GlobalSection(ExtensibilityGlobals) = postSolution
		SolutionGuid = {46820024-81DC-40CD-9E61-946C3721A189}
	EndGlobalSection
EndGlobal
